{
  "name": "edok_web",
  "version": "0.1.0",
  "lockfileVersion": 1,
  "requires": true,
  "dependencies": {
    "blueimp-gallery": {
      "version": "2.33.0",
      "resolved": "https://registry.npmjs.org/blueimp-gallery/-/blueimp-gallery-2.33.0.tgz",
      "integrity": "sha512-gz++nODmcJkENLXizdazy4z4EqoJCXyOisrH6M/fR3JE507yO+tPgoEsRCBggGwMAmQsu6kWACfldlq7RIa+Lg=="
    },
    "vue-gallery": {
      "version": "1.5.0",
      "resolved": "https://registry.npmjs.org/vue-gallery/-/vue-gallery-1.5.0.tgz",
      "integrity": "sha512-eOUIfzTBA+ylZUgfM8piT4wzJ4LHTCHTU4i5AbqApTBzZHBXFBB4YIRCEthe+GK35kPav7kTwTLzvUeuAasTgg==",
      "requires": {
        "blueimp-gallery": "^2.33.0"
      }
    },
    "yarn": {
      "version": "1.12.3",
      "resolved": "https://registry.npmjs.org/yarn/-/yarn-1.12.3.tgz",
      "integrity": "sha512-8f5rWNDvkhAmCxmn8C0LsNWMxTYVk4VGKiq0sIB6HGZjaZTHsGIH87SUmVDUEd2Wk54bqKoUlbVWgQFCQhRkVw=="
    }
  }
}
